Microsoft Visual Studio Solution File, Format Version 12.00
# Visual Studio Version 16
VisualStudioVersion = 16.0.29318.209
MinimumVisualStudioVersion = 15.0.26124.0
Project("{9A19103F-16F7-4668-BE54-9A1E7A4F7556}") = "PROJECT_NAME.Api", "src\PROJECT_NAME.Api\PROJECT_NAME.Api.csproj", "{CDC16DE6-84F9-4613-9A65-DE98AD6E6267}"
EndProject
Project("{9A19103F-16F7-4668-BE54-9A1E7A4F7556}") = "PROJECT_NAME.Integration.Test", "test\PROJECT_NAME.Integration.Test\PROJECT_NAME.Integration.Test.csproj", "{479C0443-B3F0-4D95-9E6F-0FD15BA1C924}"
EndProject
Project("{9A19103F-16F7-4668-BE54-9A1E7A4F7556}") = "PROJECT_NAME.Test", "test\PROJECT_NAME.Test\PROJECT_NAME.Test.csproj", "{6E429B37-AF4C-4C3E-AE4E-850723C321C5}"
EndProject
Project("{2150E333-8FDC-42A3-9474-1A3956D46DE8}") = "test", "test", "{0A932642-F000-4BDE-969F-C3123FE08736}"
EndProject
Project("{2150E333-8FDC-42A3-9474-1A3956D46DE8}") = "support", "support", "{B05132CE-4219-444E-91DD-35661808B15B}"
	ProjectSection(SolutionItems) = preProject
		.github\workflows\PROJECT_NAME.yaml = .github\workflows\PROJECT_NAME.yaml
	EndProjectSection
EndProject
Project("{FAE04EC0-301F-11D3-BF4B-00C04F79EFBC}") = "PROJECT_NAME.ApplicationServices", "src\PROJECT_NAME.ApplicationServices\PROJECT_NAME.ApplicationServices.csproj", "{1BE32862-F2A7-4D95-847F-A749960451AE}"
EndProject
Project("{FAE04EC0-301F-11D3-BF4B-00C04F79EFBC}") = "PROJECT_NAME.Load.Test", "test\PROJECT_NAME.Load.Test\PROJECT_NAME.Load.Test.csproj", "{AD0DDEFD-A288-411F-8D80-2B0431995A23}"
EndProject
Project("{FAE04EC0-301F-11D3-BF4B-00C04F79EFBC}") = "PROJECT_NAME.Domain", "src\PROJECT_NAME.Domain\PROJECT_NAME.Domain.csproj", "{26D0BFB7-DB4D-4AAD-9823-9E4ABA26B79A}"
EndProject
Global
	GlobalSection(SolutionConfigurationPlatforms) = preSolution
		Debug|Any CPU = Debug|Any CPU
		Debug|x64 = Debug|x64
		Debug|x86 = Debug|x86
		Release|Any CPU = Release|Any CPU
		Release|x64 = Release|x64
		Release|x86 = Release|x86
	EndGlobalSection
	GlobalSection(ProjectConfigurationPlatforms) = postSolution
		{CDC16DE6-84F9-4613-9A65-DE98AD6E6267}.Debug|Any CPU.ActiveCfg = Debug|Any CPU
		{CDC16DE6-84F9-4613-9A65-DE98AD6E6267}.Debug|Any CPU.Build.0 = Debug|Any CPU
		{CDC16DE6-84F9-4613-9A65-DE98AD6E6267}.Debug|x64.ActiveCfg = Debug|Any CPU
		{CDC16DE6-84F9-4613-9A65-DE98AD6E6267}.Debug|x64.Build.0 = Debug|Any CPU
		{CDC16DE6-84F9-4613-9A65-DE98AD6E6267}.Debug|x86.ActiveCfg = Debug|Any CPU
		{CDC16DE6-84F9-4613-9A65-DE98AD6E6267}.Debug|x86.Build.0 = Debug|Any CPU
		{CDC16DE6-84F9-4613-9A65-DE98AD6E6267}.Release|Any CPU.ActiveCfg = Release|Any CPU
		{CDC16DE6-84F9-4613-9A65-DE98AD6E6267}.Release|Any CPU.Build.0 = Release|Any CPU
		{CDC16DE6-84F9-4613-9A65-DE98AD6E6267}.Release|x64.ActiveCfg = Release|Any CPU
		{CDC16DE6-84F9-4613-9A65-DE98AD6E6267}.Release|x64.Build.0 = Release|Any CPU
		{CDC16DE6-84F9-4613-9A65-DE98AD6E6267}.Release|x86.ActiveCfg = Release|Any CPU
		{CDC16DE6-84F9-4613-9A65-DE98AD6E6267}.Release|x86.Build.0 = Release|Any CPU
		{479C0443-B3F0-4D95-9E6F-0FD15BA1C924}.Debug|Any CPU.ActiveCfg = Debug|Any CPU
		{479C0443-B3F0-4D95-9E6F-0FD15BA1C924}.Debug|Any CPU.Build.0 = Debug|Any CPU
		{479C0443-B3F0-4D95-9E6F-0FD15BA1C924}.Debug|x64.ActiveCfg = Debug|Any CPU
		{479C0443-B3F0-4D95-9E6F-0FD15BA1C924}.Debug|x64.Build.0 = Debug|Any CPU
		{479C0443-B3F0-4D95-9E6F-0FD15BA1C924}.Debug|x86.ActiveCfg = Debug|Any CPU
		{479C0443-B3F0-4D95-9E6F-0FD15BA1C924}.Debug|x86.Build.0 = Debug|Any CPU
		{479C0443-B3F0-4D95-9E6F-0FD15BA1C924}.Release|Any CPU.ActiveCfg = Release|Any CPU
		{479C0443-B3F0-4D95-9E6F-0FD15BA1C924}.Release|Any CPU.Build.0 = Release|Any CPU
		{479C0443-B3F0-4D95-9E6F-0FD15BA1C924}.Release|x64.ActiveCfg = Release|Any CPU
		{479C0443-B3F0-4D95-9E6F-0FD15BA1C924}.Release|x64.Build.0 = Release|Any CPU
		{479C0443-B3F0-4D95-9E6F-0FD15BA1C924}.Release|x86.ActiveCfg = Release|Any CPU
		{479C0443-B3F0-4D95-9E6F-0FD15BA1C924}.Release|x86.Build.0 = Release|Any CPU
		{6E429B37-AF4C-4C3E-AE4E-850723C321C5}.Debug|Any CPU.ActiveCfg = Debug|Any CPU
		{6E429B37-AF4C-4C3E-AE4E-850723C321C5}.Debug|Any CPU.Build.0 = Debug|Any CPU
		{6E429B37-AF4C-4C3E-AE4E-850723C321C5}.Debug|x64.ActiveCfg = Debug|Any CPU
		{6E429B37-AF4C-4C3E-AE4E-850723C321C5}.Debug|x64.Build.0 = Debug|Any CPU
		{6E429B37-AF4C-4C3E-AE4E-850723C321C5}.Debug|x86.ActiveCfg = Debug|Any CPU
		{6E429B37-AF4C-4C3E-AE4E-850723C321C5}.Debug|x86.Build.0 = Debug|Any CPU
		{6E429B37-AF4C-4C3E-AE4E-850723C321C5}.Release|Any CPU.ActiveCfg = Release|Any CPU
		{6E429B37-AF4C-4C3E-AE4E-850723C321C5}.Release|Any CPU.Build.0 = Release|Any CPU
		{6E429B37-AF4C-4C3E-AE4E-850723C321C5}.Release|x64.ActiveCfg = Release|Any CPU
		{6E429B37-AF4C-4C3E-AE4E-850723C321C5}.Release|x64.Build.0 = Release|Any CPU
		{6E429B37-AF4C-4C3E-AE4E-850723C321C5}.Release|x86.ActiveCfg = Release|Any CPU
		{6E429B37-AF4C-4C3E-AE4E-850723C321C5}.Release|x86.Build.0 = Release|Any CPU
		{1BE32862-F2A7-4D95-847F-A749960451AE}.Debug|Any CPU.ActiveCfg = Debug|Any CPU
		{1BE32862-F2A7-4D95-847F-A749960451AE}.Debug|Any CPU.Build.0 = Debug|Any CPU
		{1BE32862-F2A7-4D95-847F-A749960451AE}.Debug|x64.ActiveCfg = Debug|Any CPU
		{1BE32862-F2A7-4D95-847F-A749960451AE}.Debug|x64.Build.0 = Debug|Any CPU
		{1BE32862-F2A7-4D95-847F-A749960451AE}.Debug|x86.ActiveCfg = Debug|Any CPU
		{1BE32862-F2A7-4D95-847F-A749960451AE}.Debug|x86.Build.0 = Debug|Any CPU
		{1BE32862-F2A7-4D95-847F-A749960451AE}.Release|Any CPU.ActiveCfg = Release|Any CPU
		{1BE32862-F2A7-4D95-847F-A749960451AE}.Release|Any CPU.Build.0 = Release|Any CPU
		{1BE32862-F2A7-4D95-847F-A749960451AE}.Release|x64.ActiveCfg = Release|Any CPU
		{1BE32862-F2A7-4D95-847F-A749960451AE}.Release|x64.Build.0 = Release|Any CPU
		{1BE32862-F2A7-4D95-847F-A749960451AE}.Release|x86.ActiveCfg = Release|Any CPU
		{1BE32862-F2A7-4D95-847F-A749960451AE}.Release|x86.Build.0 = Release|Any CPU
		{AD0DDEFD-A288-411F-8D80-2B0431995A23}.Debug|Any CPU.ActiveCfg = Debug|Any CPU
		{AD0DDEFD-A288-411F-8D80-2B0431995A23}.Debug|Any CPU.Build.0 = Debug|Any CPU
		{AD0DDEFD-A288-411F-8D80-2B0431995A23}.Debug|x64.ActiveCfg = Debug|Any CPU
		{AD0DDEFD-A288-411F-8D80-2B0431995A23}.Debug|x64.Build.0 = Debug|Any CPU
		{AD0DDEFD-A288-411F-8D80-2B0431995A23}.Debug|x86.ActiveCfg = Debug|Any CPU
		{AD0DDEFD-A288-411F-8D80-2B0431995A23}.Debug|x86.Build.0 = Debug|Any CPU
		{AD0DDEFD-A288-411F-8D80-2B0431995A23}.Release|Any CPU.ActiveCfg = Release|Any CPU
		{AD0DDEFD-A288-411F-8D80-2B0431995A23}.Release|Any CPU.Build.0 = Release|Any CPU
		{AD0DDEFD-A288-411F-8D80-2B0431995A23}.Release|x64.ActiveCfg = Release|Any CPU
		{AD0DDEFD-A288-411F-8D80-2B0431995A23}.Release|x64.Build.0 = Release|Any CPU
		{AD0DDEFD-A288-411F-8D80-2B0431995A23}.Release|x86.ActiveCfg = Release|Any CPU
		{AD0DDEFD-A288-411F-8D80-2B0431995A23}.Release|x86.Build.0 = Release|Any CPU
		{26D0BFB7-DB4D-4AAD-9823-9E4ABA26B79A}.Debug|Any CPU.ActiveCfg = Debug|Any CPU
		{26D0BFB7-DB4D-4AAD-9823-9E4ABA26B79A}.Debug|Any CPU.Build.0 = Debug|Any CPU
		{26D0BFB7-DB4D-4AAD-9823-9E4ABA26B79A}.Debug|x64.ActiveCfg = Debug|Any CPU
		{26D0BFB7-DB4D-4AAD-9823-9E4ABA26B79A}.Debug|x64.Build.0 = Debug|Any CPU
		{26D0BFB7-DB4D-4AAD-9823-9E4ABA26B79A}.Debug|x86.ActiveCfg = Debug|Any CPU
		{26D0BFB7-DB4D-4AAD-9823-9E4ABA26B79A}.Debug|x86.Build.0 = Debug|Any CPU
		{26D0BFB7-DB4D-4AAD-9823-9E4ABA26B79A}.Release|Any CPU.ActiveCfg = Release|Any CPU
		{26D0BFB7-DB4D-4AAD-9823-9E4ABA26B79A}.Release|Any CPU.Build.0 = Release|Any CPU
		{26D0BFB7-DB4D-4AAD-9823-9E4ABA26B79A}.Release|x64.ActiveCfg = Release|Any CPU
		{26D0BFB7-DB4D-4AAD-9823-9E4ABA26B79A}.Release|x64.Build.0 = Release|Any CPU
		{26D0BFB7-DB4D-4AAD-9823-9E4ABA26B79A}.Release|x86.ActiveCfg = Release|Any CPU
		{26D0BFB7-DB4D-4AAD-9823-9E4ABA26B79A}.Release|x86.Build.0 = Release|Any CPU
	EndGlobalSection
	GlobalSection(SolutionProperties) = preSolution
		HideSolutionNode = FALSE
	EndGlobalSection
	GlobalSection(NestedProjects) = preSolution
		{6E429B37-AF4C-4C3E-AE4E-850723C321C5} = {0A932642-F000-4BDE-969F-C3123FE08736}
		{479C0443-B3F0-4D95-9E6F-0FD15BA1C924} = {0A932642-F000-4BDE-969F-C3123FE08736}
		{AD0DDEFD-A288-411F-8D80-2B0431995A23} = {0A932642-F000-4BDE-969F-C3123FE08736}
	EndGlobalSection
	GlobalSection(ExtensibilityGlobals) = postSolution
		SolutionGuid = {B8592FDC-FEB3-4CD7-8DDD-B8A9F41C7946}
	EndGlobalSection
EndGlobal
